{
  "name": "developer-docs",
  "lockfileVersion": 3,
  "requires": true,
  "packages": {
    "": {
      "dependencies": {
        "@sntke/antora-mermaid-extension": "^0.0.5"
      }
    },
    "node_modules/@sntke/antora-mermaid-extension": {
      "version": "0.0.5",
      "resolved": "https://registry.npmjs.org/@sntke/antora-mermaid-extension/-/antora-mermaid-extension-0.0.5.tgz",
      "integrity": "sha512-Bxc0FyfVFzOAQIG4sd8lZrI5Gu0Ez8NPRkE9GXD7LcDEPtsUq0BOERKnBTlGPALZvNrgyNCRgmQSdX2ouODPQg==",
      "license": "MIT"
    }
  }
}
